
Microsoft Visual Studio Solution File, Format Version 12.00
# Visual Studio 2012
Project("{FAE04EC0-301F-11D3-BF4B-00C04F79EFBC}") = "aDigitalWebSite.Web", "aDigitalWebSite.Web\aDigitalWebSite.Web.csproj", "{EAA61B61-4976-447D-9058-0A80A79E9E0D}"
EndProject
Project("{FAE04EC0-301F-11D3-BF4B-00C04F79EFBC}") = "aDigital.Blog", "aDigital.Blog\aDigital.Blog.csproj", "{F7005383-545F-45B7-B7E2-82DA64304B1D}"
EndProject
Project("{FAE04EC0-301F-11D3-BF4B-00C04F79EFBC}") = "aDigital.Library", "aDigital.Library\aDigital.Library.csproj", "{9BCB88A5-B3EB-4A34-AFC3-29183CD0CA3E}"
EndProject
Project("{2150E333-8FDC-42A3-9474-1A3956D46DE8}") = "BLOG", "BLOG", "{2CFF84E8-DE58-4AAA-A48D-BDCE954A2DFD}"
EndProject
Project("{2150E333-8FDC-42A3-9474-1A3956D46DE8}") = "FRONT END", "FRONT END", "{8CD15ECF-8438-4CA8-A329-A16D6CF19578}"
EndProject
Project("{FAE04EC0-301F-11D3-BF4B-00C04F79EFBC}") = "aDigital.Blog.Domain", "aDigital.Blog.Domain\aDigital.Blog.Domain.csproj", "{02100EB4-48DA-4125-AB3F-B326D4FBAF5A}"
EndProject
Project("{FAE04EC0-301F-11D3-BF4B-00C04F79EFBC}") = "aDigital.Blog.Infra", "aDigital.Blog.Infra\aDigital.Blog.Infra.csproj", "{F6D0F05D-1B2A-4BA4-8F9E-1CE58E8C22CA}"
EndProject
Project("{FAE04EC0-301F-11D3-BF4B-00C04F79EFBC}") = "aDigital.Blog.Infra.Tests", "aDigital.Blog.Infra.Tests\aDigital.Blog.Infra.Tests.csproj", "{E69A64AC-7599-4DE0-9F6A-987498813474}"
EndProject
Global
	GlobalSection(SolutionConfigurationPlatforms) = preSolution
		Debug|Any CPU = Debug|Any CPU
		Release|Any CPU = Release|Any CPU
	EndGlobalSection
	GlobalSection(ProjectConfigurationPlatforms) = postSolution
		{EAA61B61-4976-447D-9058-0A80A79E9E0D}.Debug|Any CPU.ActiveCfg = Debug|Any CPU
		{EAA61B61-4976-447D-9058-0A80A79E9E0D}.Debug|Any CPU.Build.0 = Debug|Any CPU
		{EAA61B61-4976-447D-9058-0A80A79E9E0D}.Release|Any CPU.ActiveCfg = Release|Any CPU
		{EAA61B61-4976-447D-9058-0A80A79E9E0D}.Release|Any CPU.Build.0 = Release|Any CPU
		{F7005383-545F-45B7-B7E2-82DA64304B1D}.Debug|Any CPU.ActiveCfg = Debug|Any CPU
		{F7005383-545F-45B7-B7E2-82DA64304B1D}.Debug|Any CPU.Build.0 = Debug|Any CPU
		{F7005383-545F-45B7-B7E2-82DA64304B1D}.Release|Any CPU.ActiveCfg = Release|Any CPU
		{F7005383-545F-45B7-B7E2-82DA64304B1D}.Release|Any CPU.Build.0 = Release|Any CPU
		{9BCB88A5-B3EB-4A34-AFC3-29183CD0CA3E}.Debug|Any CPU.ActiveCfg = Debug|Any CPU
		{9BCB88A5-B3EB-4A34-AFC3-29183CD0CA3E}.Debug|Any CPU.Build.0 = Debug|Any CPU
		{9BCB88A5-B3EB-4A34-AFC3-29183CD0CA3E}.Release|Any CPU.ActiveCfg = Release|Any CPU
		{9BCB88A5-B3EB-4A34-AFC3-29183CD0CA3E}.Release|Any CPU.Build.0 = Release|Any CPU
		{02100EB4-48DA-4125-AB3F-B326D4FBAF5A}.Debug|Any CPU.ActiveCfg = Debug|Any CPU
		{02100EB4-48DA-4125-AB3F-B326D4FBAF5A}.Debug|Any CPU.Build.0 = Debug|Any CPU
		{02100EB4-48DA-4125-AB3F-B326D4FBAF5A}.Release|Any CPU.ActiveCfg = Release|Any CPU
		{02100EB4-48DA-4125-AB3F-B326D4FBAF5A}.Release|Any CPU.Build.0 = Release|Any CPU
		{F6D0F05D-1B2A-4BA4-8F9E-1CE58E8C22CA}.Debug|Any CPU.ActiveCfg = Debug|Any CPU
		{F6D0F05D-1B2A-4BA4-8F9E-1CE58E8C22CA}.Debug|Any CPU.Build.0 = Debug|Any CPU
		{F6D0F05D-1B2A-4BA4-8F9E-1CE58E8C22CA}.Release|Any CPU.ActiveCfg = Release|Any CPU
		{F6D0F05D-1B2A-4BA4-8F9E-1CE58E8C22CA}.Release|Any CPU.Build.0 = Release|Any CPU
		{E69A64AC-7599-4DE0-9F6A-987498813474}.Debug|Any CPU.ActiveCfg = Debug|Any CPU
		{E69A64AC-7599-4DE0-9F6A-987498813474}.Debug|Any CPU.Build.0 = Debug|Any CPU
		{E69A64AC-7599-4DE0-9F6A-987498813474}.Release|Any CPU.ActiveCfg = Release|Any CPU
		{E69A64AC-7599-4DE0-9F6A-987498813474}.Release|Any CPU.Build.0 = Release|Any CPU
	EndGlobalSection
	GlobalSection(NestedProjects) = preSolution
		{F7005383-545F-45B7-B7E2-82DA64304B1D} = {2CFF84E8-DE58-4AAA-A48D-BDCE954A2DFD}
		{EAA61B61-4976-447D-9058-0A80A79E9E0D} = {8CD15ECF-8438-4CA8-A329-A16D6CF19578}
		{02100EB4-48DA-4125-AB3F-B326D4FBAF5A} = {2CFF84E8-DE58-4AAA-A48D-BDCE954A2DFD}
		{F6D0F05D-1B2A-4BA4-8F9E-1CE58E8C22CA} = {2CFF84E8-DE58-4AAA-A48D-BDCE954A2DFD}
		{E69A64AC-7599-4DE0-9F6A-987498813474} = {2CFF84E8-DE58-4AAA-A48D-BDCE954A2DFD}
	EndGlobalSection
	GlobalSection(MonoDevelopProperties) = preSolution
		Policies = $0
		$0.DotNetNamingPolicy = $1
		$1.DirectoryNamespaceAssociation = PrefixedHierarchical
		$0.VersionControlPolicy = $2
	EndGlobalSection
EndGlobal
